
Microsoft Visual Studio Solution File, Format Version 12.00
# Visual Studio Version 16
VisualStudioVersion = 16.0.31515.178
MinimumVisualStudioVersion = 10.0.40219.1
Project("{2150E333-8FDC-42A3-9474-1A3956D46DE8}") = "Application", "Application", "{C992CF78-5243-4462-898A-CE10058B4768}"
EndProject
Project("{2150E333-8FDC-42A3-9474-1A3956D46DE8}") = "Domain", "Domain", "{0DB319BC-B661-4DDC-A79C-1340EA2F98BF}"
EndProject
Project("{2150E333-8FDC-42A3-9474-1A3956D46DE8}") = "Presentation", "Presentation", "{9179A152-B1EE-442F-8078-7A6529B1CF80}"
EndProject
Project("{2150E333-8FDC-42A3-9474-1A3956D46DE8}") = "Infrastructure.Data", "Infrastructure.Data", "{D568CD09-921A-47F0-9856-F3E03DB0B6ED}"
EndProject
Project("{2150E333-8FDC-42A3-9474-1A3956D46DE8}") = "Infrastructure.IoC", "Infrastructure.IoC", "{BAB680AB-FE39-4132-A8A8-94854912AF49}"
EndProject
Project("{9A19103F-16F7-4668-BE54-9A1E7A4F7556}") = "CleanArch.MVC", "CleanArch.MVC\CleanArch.MVC.csproj", "{BE3ADD87-EFC1-471F-A8CC-69CF29BE614E}"
EndProject
Project("{9A19103F-16F7-4668-BE54-9A1E7A4F7556}") = "CleanArch.Domain", "CleanArch.Domain\CleanArch.Domain.csproj", "{9A173EC9-AB64-4282-9BB3-8B65DE620AD8}"
EndProject
Project("{9A19103F-16F7-4668-BE54-9A1E7A4F7556}") = "CleanArch.Infrastructure.Data", "CleanArch.Infrastructure.Data\CleanArch.Infrastructure.Data.csproj", "{8FCE1A5A-CBF3-489E-8997-79F8A7A14A8A}"
EndProject
Project("{FAE04EC0-301F-11D3-BF4B-00C04F79EFBC}") = "CleanArch.Application", "CleanArch.Application\CleanArch.Application.csproj", "{A42502CF-04EB-4572-8EDC-7F7D0DD56927}"
EndProject
Project("{FAE04EC0-301F-11D3-BF4B-00C04F79EFBC}") = "CleanArch.Infrastructure.IoC", "CleanArch.Infrastructure.IoC\CleanArch.Infrastructure.IoC.csproj", "{16C9792E-E71B-4580-A266-D60EF0E3ECB3}"
EndProject
Project("{2150E333-8FDC-42A3-9474-1A3956D46DE8}") = "Infrastructure.Bus", "Infrastructure.Bus", "{802CDE0D-B290-425E-A847-E975D1A21B94}"
EndProject
Project("{2150E333-8FDC-42A3-9474-1A3956D46DE8}") = "Api", "Api", "{0EB28385-8744-4770-88D7-62002B3CF986}"
EndProject
Project("{FAE04EC0-301F-11D3-BF4B-00C04F79EFBC}") = "CleanArch.Infrastructure.Bus", "CleanArch.Infrastructure.Bus\CleanArch.Infrastructure.Bus.csproj", "{3662101C-B16A-4E3F-9CE9-E8C34FB51C94}"
EndProject
Project("{FAE04EC0-301F-11D3-BF4B-00C04F79EFBC}") = "CleanArch.Domain.Core", "CleanArch.Domain.Core\CleanArch.Domain.Core.csproj", "{8BDDF9AF-BD30-4B13-BEED-980C25DC0D3E}"
EndProject
Global
	GlobalSection(SolutionConfigurationPlatforms) = preSolution
		Debug|Any CPU = Debug|Any CPU
		Release|Any CPU = Release|Any CPU
	EndGlobalSection
	GlobalSection(ProjectConfigurationPlatforms) = postSolution
		{BE3ADD87-EFC1-471F-A8CC-69CF29BE614E}.Debug|Any CPU.ActiveCfg = Debug|Any CPU
		{BE3ADD87-EFC1-471F-A8CC-69CF29BE614E}.Debug|Any CPU.Build.0 = Debug|Any CPU
		{BE3ADD87-EFC1-471F-A8CC-69CF29BE614E}.Release|Any CPU.ActiveCfg = Release|Any CPU
		{BE3ADD87-EFC1-471F-A8CC-69CF29BE614E}.Release|Any CPU.Build.0 = Release|Any CPU
		{9A173EC9-AB64-4282-9BB3-8B65DE620AD8}.Debug|Any CPU.ActiveCfg = Debug|Any CPU
		{9A173EC9-AB64-4282-9BB3-8B65DE620AD8}.Debug|Any CPU.Build.0 = Debug|Any CPU
		{9A173EC9-AB64-4282-9BB3-8B65DE620AD8}.Release|Any CPU.ActiveCfg = Release|Any CPU
		{9A173EC9-AB64-4282-9BB3-8B65DE620AD8}.Release|Any CPU.Build.0 = Release|Any CPU
		{8FCE1A5A-CBF3-489E-8997-79F8A7A14A8A}.Debug|Any CPU.ActiveCfg = Debug|Any CPU
		{8FCE1A5A-CBF3-489E-8997-79F8A7A14A8A}.Debug|Any CPU.Build.0 = Debug|Any CPU
		{8FCE1A5A-CBF3-489E-8997-79F8A7A14A8A}.Release|Any CPU.ActiveCfg = Release|Any CPU
		{8FCE1A5A-CBF3-489E-8997-79F8A7A14A8A}.Release|Any CPU.Build.0 = Release|Any CPU
		{A42502CF-04EB-4572-8EDC-7F7D0DD56927}.Debug|Any CPU.ActiveCfg = Debug|Any CPU
		{A42502CF-04EB-4572-8EDC-7F7D0DD56927}.Debug|Any CPU.Build.0 = Debug|Any CPU
		{A42502CF-04EB-4572-8EDC-7F7D0DD56927}.Release|Any CPU.ActiveCfg = Release|Any CPU
		{A42502CF-04EB-4572-8EDC-7F7D0DD56927}.Release|Any CPU.Build.0 = Release|Any CPU
		{16C9792E-E71B-4580-A266-D60EF0E3ECB3}.Debug|Any CPU.ActiveCfg = Debug|Any CPU
		{16C9792E-E71B-4580-A266-D60EF0E3ECB3}.Debug|Any CPU.Build.0 = Debug|Any CPU
		{16C9792E-E71B-4580-A266-D60EF0E3ECB3}.Release|Any CPU.ActiveCfg = Release|Any CPU
		{16C9792E-E71B-4580-A266-D60EF0E3ECB3}.Release|Any CPU.Build.0 = Release|Any CPU
		{3662101C-B16A-4E3F-9CE9-E8C34FB51C94}.Debug|Any CPU.ActiveCfg = Debug|Any CPU
		{3662101C-B16A-4E3F-9CE9-E8C34FB51C94}.Debug|Any CPU.Build.0 = Debug|Any CPU
		{3662101C-B16A-4E3F-9CE9-E8C34FB51C94}.Release|Any CPU.ActiveCfg = Release|Any CPU
		{3662101C-B16A-4E3F-9CE9-E8C34FB51C94}.Release|Any CPU.Build.0 = Release|Any CPU
		{8BDDF9AF-BD30-4B13-BEED-980C25DC0D3E}.Debug|Any CPU.ActiveCfg = Debug|Any CPU
		{8BDDF9AF-BD30-4B13-BEED-980C25DC0D3E}.Debug|Any CPU.Build.0 = Debug|Any CPU
		{8BDDF9AF-BD30-4B13-BEED-980C25DC0D3E}.Release|Any CPU.ActiveCfg = Release|Any CPU
		{8BDDF9AF-BD30-4B13-BEED-980C25DC0D3E}.Release|Any CPU.Build.0 = Release|Any CPU
	EndGlobalSection
	GlobalSection(SolutionProperties) = preSolution
		HideSolutionNode = FALSE
	EndGlobalSection
	GlobalSection(NestedProjects) = preSolution
		{BE3ADD87-EFC1-471F-A8CC-69CF29BE614E} = {9179A152-B1EE-442F-8078-7A6529B1CF80}
		{9A173EC9-AB64-4282-9BB3-8B65DE620AD8} = {0DB319BC-B661-4DDC-A79C-1340EA2F98BF}
		{8FCE1A5A-CBF3-489E-8997-79F8A7A14A8A} = {D568CD09-921A-47F0-9856-F3E03DB0B6ED}
		{A42502CF-04EB-4572-8EDC-7F7D0DD56927} = {C992CF78-5243-4462-898A-CE10058B4768}
		{16C9792E-E71B-4580-A266-D60EF0E3ECB3} = {BAB680AB-FE39-4132-A8A8-94854912AF49}
		{3662101C-B16A-4E3F-9CE9-E8C34FB51C94} = {802CDE0D-B290-425E-A847-E975D1A21B94}
		{8BDDF9AF-BD30-4B13-BEED-980C25DC0D3E} = {0DB319BC-B661-4DDC-A79C-1340EA2F98BF}
	EndGlobalSection
	GlobalSection(ExtensibilityGlobals) = postSolution
		SolutionGuid = {4FEC06FB-741E-4262-A66F-B20B1B7FED73}
	EndGlobalSection
EndGlobal
